
Microsoft Visual Studio Solution File, Format Version 12.00
# Visual Studio Version 17
VisualStudioVersion = 17.5.33424.131
MinimumVisualStudioVersion = 10.0.40219.1
Project("{FAE04EC0-301F-11D3-BF4B-00C04F79EFBC}") = "calculator", "calculator.csproj", "{AEEC98E8-AEC4-46F3-A82D-FED9E78EC3C7}"
EndProject
Global
	GlobalSection(SolutionConfigurationPlatforms) = preSolution
		Debug|Any CPU = Debug|Any CPU
		Release|Any CPU = Release|Any CPU
	EndGlobalSection
	GlobalSection(ProjectConfigurationPlatforms) = postSolution
		{AEEC98E8-AEC4-46F3-A82D-FED9E78EC3C7}.Debug|Any CPU.ActiveCfg = Debug|Any CPU
		{AEEC98E8-AEC4-46F3-A82D-FED9E78EC3C7}.Debug|Any CPU.Build.0 = Debug|Any CPU
		{AEEC98E8-AEC4-46F3-A82D-FED9E78EC3C7}.Release|Any CPU.ActiveCfg = Release|Any CPU
		{AEEC98E8-AEC4-46F3-A82D-FED9E78EC3C7}.Release|Any CPU.Build.0 = Release|Any CPU
	EndGlobalSection
	GlobalSection(SolutionProperties) = preSolution
		HideSolutionNode = FALSE
	EndGlobalSection
	GlobalSection(ExtensibilityGlobals) = postSolution
		SolutionGuid = {99F85D89-E298-4DDB-B00F-7B090C21DE83}
	EndGlobalSection
EndGlobal
